
Microsoft Visual Studio Solution File, Format Version 12.00
# Visual Studio 15
Project("{FAE04EC0-301F-11D3-BF4B-00C04F79EFBC}") = "MS_Learn_CSharp", "MS_Learn_CSharp\MS_Learn_CSharp.csproj", "{0D74A252-6C8D-467A-AE43-295680BC6148}"
EndProject
Global
	GlobalSection(SolutionConfigurationPlatforms) = preSolution
		Debug|Any CPU = Debug|Any CPU
		Release|Any CPU = Release|Any CPU
	EndGlobalSection
	GlobalSection(ProjectConfigurationPlatforms) = postSolution
		{0D74A252-6C8D-467A-AE43-295680BC6148}.Debug|Any CPU.ActiveCfg = Debug|Any CPU
		{0D74A252-6C8D-467A-AE43-295680BC6148}.Debug|Any CPU.Build.0 = Debug|Any CPU
		{0D74A252-6C8D-467A-AE43-295680BC6148}.Release|Any CPU.ActiveCfg = Release|Any CPU
		{0D74A252-6C8D-467A-AE43-295680BC6148}.Release|Any CPU.Build.0 = Release|Any CPU
	EndGlobalSection
EndGlobal
